
Microsoft Visual Studio Solution File, Format Version 12.00
# Visual Studio 15
VisualStudioVersion = 15.0.28307.271
MinimumVisualStudioVersion = 10.0.40219.1
Project("{FAE04EC0-301F-11D3-BF4B-00C04F79EFBC}") = "ConcurrentStacksBenchmarks", "ConcurrentStacksBenchmarks\ConcurrentStacksBenchmarks.csproj", "{05E326A0-D046-41F4-A5D3-18DEDAB0E8F4}"
EndProject
Project("{FAE04EC0-301F-11D3-BF4B-00C04F79EFBC}") = "ConcurrentStacksClasses", "ConcurrentStacksClasses\ConcurrentStacksClasses.csproj", "{9C689178-9257-486C-9C9C-DC5A97D23DC9}"
EndProject
Project("{FAE04EC0-301F-11D3-BF4B-00C04F79EFBC}") = "ConcurrentStacksTest", "ConcurrentStacksTest\ConcurrentStacksTest.csproj", "{9752EA45-DCD4-4265-80EB-5370F04A00CF}"
EndProject
Project("{2150E333-8FDC-42A3-9474-1A3956D46DE8}") = "Solution Items", "Solution Items", "{D29C8EE8-F149-4268-9388-73EAD19DC42E}"
	ProjectSection(SolutionItems) = preProject
		readme.md = readme.md
	EndProjectSection
EndProject
Global
	GlobalSection(SolutionConfigurationPlatforms) = preSolution
		Debug|Any CPU = Debug|Any CPU
		Release|Any CPU = Release|Any CPU
	EndGlobalSection
	GlobalSection(ProjectConfigurationPlatforms) = postSolution
		{05E326A0-D046-41F4-A5D3-18DEDAB0E8F4}.Debug|Any CPU.ActiveCfg = Debug|Any CPU
		{05E326A0-D046-41F4-A5D3-18DEDAB0E8F4}.Debug|Any CPU.Build.0 = Debug|Any CPU
		{05E326A0-D046-41F4-A5D3-18DEDAB0E8F4}.Release|Any CPU.ActiveCfg = Release|Any CPU
		{05E326A0-D046-41F4-A5D3-18DEDAB0E8F4}.Release|Any CPU.Build.0 = Release|Any CPU
		{9C689178-9257-486C-9C9C-DC5A97D23DC9}.Debug|Any CPU.ActiveCfg = Debug|Any CPU
		{9C689178-9257-486C-9C9C-DC5A97D23DC9}.Debug|Any CPU.Build.0 = Debug|Any CPU
		{9C689178-9257-486C-9C9C-DC5A97D23DC9}.Release|Any CPU.ActiveCfg = Release|Any CPU
		{9C689178-9257-486C-9C9C-DC5A97D23DC9}.Release|Any CPU.Build.0 = Release|Any CPU
		{9752EA45-DCD4-4265-80EB-5370F04A00CF}.Debug|Any CPU.ActiveCfg = Debug|Any CPU
		{9752EA45-DCD4-4265-80EB-5370F04A00CF}.Debug|Any CPU.Build.0 = Debug|Any CPU
		{9752EA45-DCD4-4265-80EB-5370F04A00CF}.Release|Any CPU.ActiveCfg = Release|Any CPU
		{9752EA45-DCD4-4265-80EB-5370F04A00CF}.Release|Any CPU.Build.0 = Release|Any CPU
	EndGlobalSection
	GlobalSection(SolutionProperties) = preSolution
		HideSolutionNode = FALSE
	EndGlobalSection
	GlobalSection(ExtensibilityGlobals) = postSolution
		SolutionGuid = {9C03126F-C79C-4A75-9E0A-5D6736853489}
	EndGlobalSection
EndGlobal
